
Microsoft Visual Studio Solution File, Format Version 12.00
# Visual Studio 2013
VisualStudioVersion = 12.0.21005.1
MinimumVisualStudioVersion = 10.0.40219.1
Project("{FAE04EC0-301F-11D3-BF4B-00C04F79EFBC}") = "Rock-Paper-Scissors", "Rock-Paper-Scissors\Rock-Paper-Scissors.csproj", "{5745B101-C132-4BF0-8C86-58C51A8FA719}"
EndProject
Global
	GlobalSection(SolutionConfigurationPlatforms) = preSolution
		Debug|Any CPU = Debug|Any CPU
		Release|Any CPU = Release|Any CPU
	EndGlobalSection
	GlobalSection(ProjectConfigurationPlatforms) = postSolution
		{5745B101-C132-4BF0-8C86-58C51A8FA719}.Debug|Any CPU.ActiveCfg = Debug|Any CPU
		{5745B101-C132-4BF0-8C86-58C51A8FA719}.Debug|Any CPU.Build.0 = Debug|Any CPU
		{5745B101-C132-4BF0-8C86-58C51A8FA719}.Release|Any CPU.ActiveCfg = Release|Any CPU
		{5745B101-C132-4BF0-8C86-58C51A8FA719}.Release|Any CPU.Build.0 = Release|Any CPU
	EndGlobalSection
	GlobalSection(SolutionProperties) = preSolution
		HideSolutionNode = FALSE
	EndGlobalSection
EndGlobal
